
Microsoft Visual Studio Solution File, Format Version 12.00
# Visual Studio Version 17
VisualStudioVersion = 17.1.32210.238
MinimumVisualStudioVersion = 10.0.40219.1
Project("{2150E333-8FDC-42A3-9474-1A3956D46DE8}") = ".Solution Items", ".Solution Items", "{4225A0A3-5D09-4417-858C-97114B2862A7}"
	ProjectSection(SolutionItems) = preProject
		.editorconfig = .editorconfig
	EndProjectSection
EndProject
Project("{2150E333-8FDC-42A3-9474-1A3956D46DE8}") = "Core", "Core", "{F4872BA3-457D-422E-94C0-CF9F928D1A93}"
EndProject
Project("{9A19103F-16F7-4668-BE54-9A1E7A4F7556}") = "Infrastructure", "src\Infrastructure\Infrastructure.csproj", "{D5EFA86C-1867-4F25-9D33-33B236CEA2DF}"
EndProject
Project("{9A19103F-16F7-4668-BE54-9A1E7A4F7556}") = "Vitamin.Host", "src\Vitamin.Host\Vitamin.Host.csproj", "{EA17A97F-65CC-4B40-99FB-2398CE44D6AB}"
EndProject
Project("{2150E333-8FDC-42A3-9474-1A3956D46DE8}") = "Src", "Src", "{D1BC6EE6-D565-4103-916F-7518477370AF}"
EndProject
Project("{2150E333-8FDC-42A3-9474-1A3956D46DE8}") = "Tests", "Tests", "{B18BEBF0-3A24-4F41-9A06-D502F0CF759A}"
EndProject
Project("{9A19103F-16F7-4668-BE54-9A1E7A4F7556}") = "Vitamin.Infrastructure.Tests", "tests\Vitamin.Infrastructure.Tests\Vitamin.Infrastructure.Tests.csproj", "{DA18E7FE-F469-40CE-81A4-E063B1A6642E}"
EndProject
Project("{9A19103F-16F7-4668-BE54-9A1E7A4F7556}") = "Shared", "src\Core\Shared\Shared.csproj", "{CF772D0E-5E89-4235-B712-4E1FCA9671C6}"
EndProject
Project("{2150E333-8FDC-42A3-9474-1A3956D46DE8}") = "Migrators", "Migrators", "{18329235-4283-48FC-91C2-6E011103A0E1}"
EndProject
Project("{9A19103F-16F7-4668-BE54-9A1E7A4F7556}") = "Migrators.MSSQL", "src\Migrators\Migrators.MSSQL\Migrators.MSSQL.csproj", "{DD21CC30-1D94-4FDC-9848-A92258C54ABC}"
EndProject
Project("{FAE04EC0-301F-11D3-BF4B-00C04F79EFBC}") = "Domain", "src\Core\Domain\Domain.csproj", "{333FDD51-AC95-4024-B325-FAFB7293E8F7}"
EndProject
Global
	GlobalSection(SolutionConfigurationPlatforms) = preSolution
		Debug|Any CPU = Debug|Any CPU
		Release|Any CPU = Release|Any CPU
	EndGlobalSection
	GlobalSection(ProjectConfigurationPlatforms) = postSolution
		{D5EFA86C-1867-4F25-9D33-33B236CEA2DF}.Debug|Any CPU.ActiveCfg = Debug|Any CPU
		{D5EFA86C-1867-4F25-9D33-33B236CEA2DF}.Debug|Any CPU.Build.0 = Debug|Any CPU
		{D5EFA86C-1867-4F25-9D33-33B236CEA2DF}.Release|Any CPU.ActiveCfg = Release|Any CPU
		{D5EFA86C-1867-4F25-9D33-33B236CEA2DF}.Release|Any CPU.Build.0 = Release|Any CPU
		{EA17A97F-65CC-4B40-99FB-2398CE44D6AB}.Debug|Any CPU.ActiveCfg = Debug|Any CPU
		{EA17A97F-65CC-4B40-99FB-2398CE44D6AB}.Debug|Any CPU.Build.0 = Debug|Any CPU
		{EA17A97F-65CC-4B40-99FB-2398CE44D6AB}.Release|Any CPU.ActiveCfg = Release|Any CPU
		{EA17A97F-65CC-4B40-99FB-2398CE44D6AB}.Release|Any CPU.Build.0 = Release|Any CPU
		{DA18E7FE-F469-40CE-81A4-E063B1A6642E}.Debug|Any CPU.ActiveCfg = Debug|Any CPU
		{DA18E7FE-F469-40CE-81A4-E063B1A6642E}.Debug|Any CPU.Build.0 = Debug|Any CPU
		{DA18E7FE-F469-40CE-81A4-E063B1A6642E}.Release|Any CPU.ActiveCfg = Release|Any CPU
		{DA18E7FE-F469-40CE-81A4-E063B1A6642E}.Release|Any CPU.Build.0 = Release|Any CPU
		{CF772D0E-5E89-4235-B712-4E1FCA9671C6}.Debug|Any CPU.ActiveCfg = Debug|Any CPU
		{CF772D0E-5E89-4235-B712-4E1FCA9671C6}.Debug|Any CPU.Build.0 = Debug|Any CPU
		{CF772D0E-5E89-4235-B712-4E1FCA9671C6}.Release|Any CPU.ActiveCfg = Release|Any CPU
		{CF772D0E-5E89-4235-B712-4E1FCA9671C6}.Release|Any CPU.Build.0 = Release|Any CPU
		{DD21CC30-1D94-4FDC-9848-A92258C54ABC}.Debug|Any CPU.ActiveCfg = Debug|Any CPU
		{DD21CC30-1D94-4FDC-9848-A92258C54ABC}.Debug|Any CPU.Build.0 = Debug|Any CPU
		{DD21CC30-1D94-4FDC-9848-A92258C54ABC}.Release|Any CPU.ActiveCfg = Release|Any CPU
		{DD21CC30-1D94-4FDC-9848-A92258C54ABC}.Release|Any CPU.Build.0 = Release|Any CPU
		{333FDD51-AC95-4024-B325-FAFB7293E8F7}.Debug|Any CPU.ActiveCfg = Debug|Any CPU
		{333FDD51-AC95-4024-B325-FAFB7293E8F7}.Debug|Any CPU.Build.0 = Debug|Any CPU
		{333FDD51-AC95-4024-B325-FAFB7293E8F7}.Release|Any CPU.ActiveCfg = Release|Any CPU
		{333FDD51-AC95-4024-B325-FAFB7293E8F7}.Release|Any CPU.Build.0 = Release|Any CPU
	EndGlobalSection
	GlobalSection(SolutionProperties) = preSolution
		HideSolutionNode = FALSE
	EndGlobalSection
	GlobalSection(NestedProjects) = preSolution
		{F4872BA3-457D-422E-94C0-CF9F928D1A93} = {D1BC6EE6-D565-4103-916F-7518477370AF}
		{D5EFA86C-1867-4F25-9D33-33B236CEA2DF} = {D1BC6EE6-D565-4103-916F-7518477370AF}
		{EA17A97F-65CC-4B40-99FB-2398CE44D6AB} = {D1BC6EE6-D565-4103-916F-7518477370AF}
		{DA18E7FE-F469-40CE-81A4-E063B1A6642E} = {B18BEBF0-3A24-4F41-9A06-D502F0CF759A}
		{CF772D0E-5E89-4235-B712-4E1FCA9671C6} = {F4872BA3-457D-422E-94C0-CF9F928D1A93}
		{18329235-4283-48FC-91C2-6E011103A0E1} = {D1BC6EE6-D565-4103-916F-7518477370AF}
		{DD21CC30-1D94-4FDC-9848-A92258C54ABC} = {18329235-4283-48FC-91C2-6E011103A0E1}
		{333FDD51-AC95-4024-B325-FAFB7293E8F7} = {F4872BA3-457D-422E-94C0-CF9F928D1A93}
	EndGlobalSection
	GlobalSection(ExtensibilityGlobals) = postSolution
		SolutionGuid = {6FCDEF1A-8D1D-46C2-9223-3DAB42BFEB0F}
	EndGlobalSection
EndGlobal
